{
  "version": 4,
  "terraform_version": "1.4.6",
  "serial": 657,
  "lineage": "583366d3-f264-44f5-471d-876b1bad7b0e",
  "outputs": {},
  "resources": [
    {
      "mode": "data",
      "type": "digitalocean_ssh_key",
      "name": "terraform",
      "provider": "provider[\"registry.terraform.io/digitalocean/digitalocean\"]",
      "instances": [
        {
          "schema_version": 0,
          "attributes": {
            "fingerprint": "81:bb:36:57:de:db:77:22:13:0f:18:ad:03:5d:11:8a",
            "id": "29029797",
            "name": "mac_token",
            "public_key": "ssh-rsa AAAAB3NzaC1yc2EAAAADAQABAAABgQDuwk9ZfoqXdoVUfEpNBYTVQU0BLok8Gxrw526XdxO5z6RDqvVW6yME1D0NscYGkm8Ybs1g6xUYTd7IFiSoCh/eQ9A/oTDXXSrdSAFZGHyFTbCgDLMSIi3kRdprXbJJGQROBXvDXepckbcZ6BCCNPsIV5xBVpz96VYAOvd6Z2MhqUDWmLNNqYbPifWVLQmvcOL8m7bLGEDbuX//HMsTnZjfpUrlNCRptEDiDjHeRTUTgpiU2h68XoTCEk4wZNVCVXloIgPD/iR6OlIcw7hu0nl/yBppGTDKqcEZIrRgstEWS2SVHDvwdFMyqKBV0+FDRCC4rI39bf1YuwIT+3fjGPis4YguU1b0jGLvaJdDBTVSrjSZABE0LM1tC/12N1MrcTW3ly4a77DvBB5ZQaXqwt5ErikMGmeTo//IH6rCAeFF0GhjGzoM7hxYtenTxxhLpJ2jY+gmXPjlcEZFdbyimy4P8VXjQZdA/q1UGfeJhtuKw+cKsRfeCyc4XrDRbtJ6mQM="
          },
          "sensitive_attributes": []
        }
      ]
    },
    {
      "mode": "managed",
      "type": "digitalocean_droplet",
      "name": "foundryvtt",
      "provider": "provider[\"registry.terraform.io/digitalocean/digitalocean\"]",
      "instances": [
        {
          "schema_version": 1,
          "attributes": {
            "backups": false,
            "created_at": "2023-09-18T16:50:22Z",
            "disk": 80,
            "id": "375332388",
            "image": "docker-20-04",
            "ipv4_address": "178.128.161.149",
            "ipv4_address_private": "10.106.0.2",
            "ipv6": false,
            "ipv6_address": "",
            "ipv6_address_private": null,
            "locked": false,
            "memory": 4096,
            "monitoring": false,
            "name": "foundryvtt",
            "price_hourly": 0.03571,
            "price_monthly": 24,
            "private_networking": true,
            "region": "lon1",
            "resize_disk": true,
            "size": "s-2vcpu-4gb",
            "ssh_keys": [
              "29029797"
            ],
            "status": "active",
            "tags": null,
            "urn": "do:droplet:375332388",
            "user_data": null,
            "vcpus": 2,
            "volume_ids": [],
            "vpc_uuid": "f1fdeead-8074-41b3-b2b5-89a552bb7a26"
          },
          "sensitive_attributes": [],
          "private": "eyJzY2hlbWFfdmVyc2lvbiI6IjEifQ==",
          "dependencies": [
            "data.digitalocean_ssh_key.terraform"
          ]
        }
      ]
    }
  ],
  "check_results": null
}
